
Microsoft Visual Studio Solution File, Format Version 12.00
# Visual Studio Version 16
VisualStudioVersion = 16.0.31025.194
MinimumVisualStudioVersion = 10.0.40219.1
Project("{FAE04EC0-301F-11D3-BF4B-00C04F79EFBC}") = "PrzeciazanieKonstruktorow1", "PrzeciazanieKonstruktorow1\PrzeciazanieKonstruktorow1.csproj", "{B8B51F82-E81F-4311-9828-DB842BD908E7}"
EndProject
Global
	GlobalSection(SolutionConfigurationPlatforms) = preSolution
		Debug|Any CPU = Debug|Any CPU
		Release|Any CPU = Release|Any CPU
	EndGlobalSection
	GlobalSection(ProjectConfigurationPlatforms) = postSolution
		{B8B51F82-E81F-4311-9828-DB842BD908E7}.Debug|Any CPU.ActiveCfg = Debug|Any CPU
		{B8B51F82-E81F-4311-9828-DB842BD908E7}.Debug|Any CPU.Build.0 = Debug|Any CPU
		{B8B51F82-E81F-4311-9828-DB842BD908E7}.Release|Any CPU.ActiveCfg = Release|Any CPU
		{B8B51F82-E81F-4311-9828-DB842BD908E7}.Release|Any CPU.Build.0 = Release|Any CPU
	EndGlobalSection
	GlobalSection(SolutionProperties) = preSolution
		HideSolutionNode = FALSE
	EndGlobalSection
	GlobalSection(ExtensibilityGlobals) = postSolution
		SolutionGuid = {2D07E059-605D-41A6-97C1-82A1EBC5348C}
	EndGlobalSection
EndGlobal
